
Microsoft Visual Studio Solution File, Format Version 12.00
# Visual Studio Version 17
VisualStudioVersion = 17.5.33627.172
MinimumVisualStudioVersion = 10.0.40219.1
Project("{FAE04EC0-301F-11D3-BF4B-00C04F79EFBC}") = "PublicApi", "PublicApi.csproj", "{0B2B5058-AB60-416B-A559-F1D48B442FB0}"
EndProject
Global
	GlobalSection(SolutionConfigurationPlatforms) = preSolution
		Debug|Any CPU = Debug|Any CPU
		Release|Any CPU = Release|Any CPU
	EndGlobalSection
	GlobalSection(ProjectConfigurationPlatforms) = postSolution
		{0B2B5058-AB60-416B-A559-F1D48B442FB0}.Debug|Any CPU.ActiveCfg = Debug|Any CPU
		{0B2B5058-AB60-416B-A559-F1D48B442FB0}.Debug|Any CPU.Build.0 = Debug|Any CPU
		{0B2B5058-AB60-416B-A559-F1D48B442FB0}.Release|Any CPU.ActiveCfg = Release|Any CPU
		{0B2B5058-AB60-416B-A559-F1D48B442FB0}.Release|Any CPU.Build.0 = Release|Any CPU
	EndGlobalSection
	GlobalSection(SolutionProperties) = preSolution
		HideSolutionNode = FALSE
	EndGlobalSection
	GlobalSection(ExtensibilityGlobals) = postSolution
		SolutionGuid = {AFB2F7A8-68F1-4AF9-B635-C58C7E718D21}
	EndGlobalSection
EndGlobal
